
Microsoft Visual Studio Solution File, Format Version 12.00
# Visual Studio Version 17
VisualStudioVersion = 17.14.36623.8 d17.14
MinimumVisualStudioVersion = 10.0.40219.1
Project("{FAE04EC0-301F-11D3-BF4B-00C04F79EFBC}") = "SzpitalnaKadraBackend", "SzpitalnaKadraBackend.csproj", "{7C251140-D8C1-60B7-5640-5D1A40A3CD00}"
EndProject
Global
	GlobalSection(SolutionConfigurationPlatforms) = preSolution
		Debug|Any CPU = Debug|Any CPU
		Release|Any CPU = Release|Any CPU
	EndGlobalSection
	GlobalSection(ProjectConfigurationPlatforms) = postSolution
		{7C251140-D8C1-60B7-5640-5D1A40A3CD00}.Debug|Any CPU.ActiveCfg = Debug|Any CPU
		{7C251140-D8C1-60B7-5640-5D1A40A3CD00}.Debug|Any CPU.Build.0 = Debug|Any CPU
		{7C251140-D8C1-60B7-5640-5D1A40A3CD00}.Release|Any CPU.ActiveCfg = Release|Any CPU
		{7C251140-D8C1-60B7-5640-5D1A40A3CD00}.Release|Any CPU.Build.0 = Release|Any CPU
	EndGlobalSection
	GlobalSection(SolutionProperties) = preSolution
		HideSolutionNode = FALSE
	EndGlobalSection
	GlobalSection(ExtensibilityGlobals) = postSolution
		SolutionGuid = {8B340A53-C6BC-4626-86C3-030E678CD9A2}
	EndGlobalSection
EndGlobal
